
Microsoft Visual Studio Solution File, Format Version 12.00
# Visual Studio Version 16
VisualStudioVersion = 16.0.29806.167
MinimumVisualStudioVersion = 10.0.40219.1
Project("{9A19103F-16F7-4668-BE54-9A1E7A4F7556}") = "Practical_5", "Practical_5\Practical_5.csproj", "{2F6C2803-B3A0-4734-A52E-41D09404666B}"
EndProject
Project("{9A19103F-16F7-4668-BE54-9A1E7A4F7556}") = "Practical_2", "Practical_2\Practical_2.csproj", "{3BE4C2F5-269C-43BC-B55C-91894B005364}"
EndProject
Project("{9A19103F-16F7-4668-BE54-9A1E7A4F7556}") = "Practical_3", "Practical_3\Practical_3.csproj", "{53372466-4381-4135-B68B-4ACFA60A651F}"
EndProject
Project("{9A19103F-16F7-4668-BE54-9A1E7A4F7556}") = "Practical_4", "Practical_4\Practical_4.csproj", "{95FABEE1-A986-440E-AE62-8873238DDF05}"
EndProject
Project("{FAE04EC0-301F-11D3-BF4B-00C04F79EFBC}") = "Practical_6", "Practical_6\Practical_6.csproj", "{8319CF7D-1AF4-4641-8562-7C69E6DAF432}"
EndProject
Project("{FAE04EC0-301F-11D3-BF4B-00C04F79EFBC}") = "Practical_7", "Practical_7\Practical_7.csproj", "{E7391708-468F-4BA0-810E-BD0ED00FC365}"
EndProject
Project("{FAE04EC0-301F-11D3-BF4B-00C04F79EFBC}") = "Practical_8", "Practical_8\Practical_8.csproj", "{BC14008E-C013-4C76-B899-FEF40FFDF3B5}"
EndProject
Project("{FAE04EC0-301F-11D3-BF4B-00C04F79EFBC}") = "Practical_9", "Practical_9\Practical_9.csproj", "{7FD49272-FDDD-4C46-BC91-2A08F4C5BFEF}"
EndProject
Project("{9A19103F-16F7-4668-BE54-9A1E7A4F7556}") = "Assignment1_code", "Assignment1_code\Assignment1_code.csproj", "{F9ADDFCA-53FB-4F70-818F-E4A003B03612}"
EndProject
Project("{9A19103F-16F7-4668-BE54-9A1E7A4F7556}") = "Demo", "Demo\Demo.csproj", "{45109D71-D30A-46B7-B9C8-27B208DE2788}"
EndProject
Project("{9A19103F-16F7-4668-BE54-9A1E7A4F7556}") = "Program2_code", "Program2_code\Program2_code.csproj", "{1D8DEA4A-F16D-4F95-BD5E-D605FF47F2B4}"
EndProject
Project("{9A19103F-16F7-4668-BE54-9A1E7A4F7556}") = "program3_code", "program3_code\program3_code.csproj", "{A44AECA5-4BAD-4523-A8BE-523F7FB95CBB}"
EndProject
Project("{9A19103F-16F7-4668-BE54-9A1E7A4F7556}") = "Program4_code", "Program4_code\Program4_code.csproj", "{D7F26A54-33D1-4628-A5CE-7DC2CC567CAE}"
EndProject
Project("{9A19103F-16F7-4668-BE54-9A1E7A4F7556}") = "Practical_10", "Practical_10\Practical_10.csproj", "{CD767E00-B657-48B9-B60F-BB852F06AB11}"
EndProject
Project("{9A19103F-16F7-4668-BE54-9A1E7A4F7556}") = "Practical_11", "Practical_11\Practical_11.csproj", "{1F5396B4-7C8D-4E96-BA04-CFD446C2F9D8}"
EndProject
Project("{FAE04EC0-301F-11D3-BF4B-00C04F79EFBC}") = "Practical_12", "Practical_12\Practical_12.csproj", "{097BBE3E-0ED1-4D92-B1CA-37ED1AEB447A}"
EndProject
Project("{FAE04EC0-301F-11D3-BF4B-00C04F79EFBC}") = "WebApplication4", "WebApplication4\WebApplication4.csproj", "{4752DE6D-AB52-4011-B444-24F30B236D5F}"
EndProject
Global
	GlobalSection(SolutionConfigurationPlatforms) = preSolution
		Debug|Any CPU = Debug|Any CPU
		Release|Any CPU = Release|Any CPU
	EndGlobalSection
	GlobalSection(ProjectConfigurationPlatforms) = postSolution
		{2F6C2803-B3A0-4734-A52E-41D09404666B}.Debug|Any CPU.ActiveCfg = Debug|Any CPU
		{2F6C2803-B3A0-4734-A52E-41D09404666B}.Debug|Any CPU.Build.0 = Debug|Any CPU
		{2F6C2803-B3A0-4734-A52E-41D09404666B}.Release|Any CPU.ActiveCfg = Release|Any CPU
		{2F6C2803-B3A0-4734-A52E-41D09404666B}.Release|Any CPU.Build.0 = Release|Any CPU
		{3BE4C2F5-269C-43BC-B55C-91894B005364}.Debug|Any CPU.ActiveCfg = Debug|Any CPU
		{3BE4C2F5-269C-43BC-B55C-91894B005364}.Debug|Any CPU.Build.0 = Debug|Any CPU
		{3BE4C2F5-269C-43BC-B55C-91894B005364}.Release|Any CPU.ActiveCfg = Release|Any CPU
		{3BE4C2F5-269C-43BC-B55C-91894B005364}.Release|Any CPU.Build.0 = Release|Any CPU
		{53372466-4381-4135-B68B-4ACFA60A651F}.Debug|Any CPU.ActiveCfg = Debug|Any CPU
		{53372466-4381-4135-B68B-4ACFA60A651F}.Debug|Any CPU.Build.0 = Debug|Any CPU
		{53372466-4381-4135-B68B-4ACFA60A651F}.Release|Any CPU.ActiveCfg = Release|Any CPU
		{53372466-4381-4135-B68B-4ACFA60A651F}.Release|Any CPU.Build.0 = Release|Any CPU
		{95FABEE1-A986-440E-AE62-8873238DDF05}.Debug|Any CPU.ActiveCfg = Debug|Any CPU
		{95FABEE1-A986-440E-AE62-8873238DDF05}.Debug|Any CPU.Build.0 = Debug|Any CPU
		{95FABEE1-A986-440E-AE62-8873238DDF05}.Release|Any CPU.ActiveCfg = Release|Any CPU
		{95FABEE1-A986-440E-AE62-8873238DDF05}.Release|Any CPU.Build.0 = Release|Any CPU
		{8319CF7D-1AF4-4641-8562-7C69E6DAF432}.Debug|Any CPU.ActiveCfg = Debug|Any CPU
		{8319CF7D-1AF4-4641-8562-7C69E6DAF432}.Debug|Any CPU.Build.0 = Debug|Any CPU
		{8319CF7D-1AF4-4641-8562-7C69E6DAF432}.Release|Any CPU.ActiveCfg = Release|Any CPU
		{8319CF7D-1AF4-4641-8562-7C69E6DAF432}.Release|Any CPU.Build.0 = Release|Any CPU
		{E7391708-468F-4BA0-810E-BD0ED00FC365}.Debug|Any CPU.ActiveCfg = Debug|Any CPU
		{E7391708-468F-4BA0-810E-BD0ED00FC365}.Debug|Any CPU.Build.0 = Debug|Any CPU
		{E7391708-468F-4BA0-810E-BD0ED00FC365}.Release|Any CPU.ActiveCfg = Release|Any CPU
		{E7391708-468F-4BA0-810E-BD0ED00FC365}.Release|Any CPU.Build.0 = Release|Any CPU
		{BC14008E-C013-4C76-B899-FEF40FFDF3B5}.Debug|Any CPU.ActiveCfg = Debug|Any CPU
		{BC14008E-C013-4C76-B899-FEF40FFDF3B5}.Debug|Any CPU.Build.0 = Debug|Any CPU
		{BC14008E-C013-4C76-B899-FEF40FFDF3B5}.Release|Any CPU.ActiveCfg = Release|Any CPU
		{BC14008E-C013-4C76-B899-FEF40FFDF3B5}.Release|Any CPU.Build.0 = Release|Any CPU
		{7FD49272-FDDD-4C46-BC91-2A08F4C5BFEF}.Debug|Any CPU.ActiveCfg = Debug|Any CPU
		{7FD49272-FDDD-4C46-BC91-2A08F4C5BFEF}.Debug|Any CPU.Build.0 = Debug|Any CPU
		{7FD49272-FDDD-4C46-BC91-2A08F4C5BFEF}.Release|Any CPU.ActiveCfg = Release|Any CPU
		{7FD49272-FDDD-4C46-BC91-2A08F4C5BFEF}.Release|Any CPU.Build.0 = Release|Any CPU
		{F9ADDFCA-53FB-4F70-818F-E4A003B03612}.Debug|Any CPU.ActiveCfg = Debug|Any CPU
		{F9ADDFCA-53FB-4F70-818F-E4A003B03612}.Debug|Any CPU.Build.0 = Debug|Any CPU
		{F9ADDFCA-53FB-4F70-818F-E4A003B03612}.Release|Any CPU.ActiveCfg = Release|Any CPU
		{F9ADDFCA-53FB-4F70-818F-E4A003B03612}.Release|Any CPU.Build.0 = Release|Any CPU
		{45109D71-D30A-46B7-B9C8-27B208DE2788}.Debug|Any CPU.ActiveCfg = Debug|Any CPU
		{45109D71-D30A-46B7-B9C8-27B208DE2788}.Debug|Any CPU.Build.0 = Debug|Any CPU
		{45109D71-D30A-46B7-B9C8-27B208DE2788}.Release|Any CPU.ActiveCfg = Release|Any CPU
		{45109D71-D30A-46B7-B9C8-27B208DE2788}.Release|Any CPU.Build.0 = Release|Any CPU
		{1D8DEA4A-F16D-4F95-BD5E-D605FF47F2B4}.Debug|Any CPU.ActiveCfg = Debug|Any CPU
		{1D8DEA4A-F16D-4F95-BD5E-D605FF47F2B4}.Debug|Any CPU.Build.0 = Debug|Any CPU
		{1D8DEA4A-F16D-4F95-BD5E-D605FF47F2B4}.Release|Any CPU.ActiveCfg = Release|Any CPU
		{1D8DEA4A-F16D-4F95-BD5E-D605FF47F2B4}.Release|Any CPU.Build.0 = Release|Any CPU
		{A44AECA5-4BAD-4523-A8BE-523F7FB95CBB}.Debug|Any CPU.ActiveCfg = Debug|Any CPU
		{A44AECA5-4BAD-4523-A8BE-523F7FB95CBB}.Debug|Any CPU.Build.0 = Debug|Any CPU
		{A44AECA5-4BAD-4523-A8BE-523F7FB95CBB}.Release|Any CPU.ActiveCfg = Release|Any CPU
		{A44AECA5-4BAD-4523-A8BE-523F7FB95CBB}.Release|Any CPU.Build.0 = Release|Any CPU
		{D7F26A54-33D1-4628-A5CE-7DC2CC567CAE}.Debug|Any CPU.ActiveCfg = Debug|Any CPU
		{D7F26A54-33D1-4628-A5CE-7DC2CC567CAE}.Debug|Any CPU.Build.0 = Debug|Any CPU
		{D7F26A54-33D1-4628-A5CE-7DC2CC567CAE}.Release|Any CPU.ActiveCfg = Release|Any CPU
		{D7F26A54-33D1-4628-A5CE-7DC2CC567CAE}.Release|Any CPU.Build.0 = Release|Any CPU
		{CD767E00-B657-48B9-B60F-BB852F06AB11}.Debug|Any CPU.ActiveCfg = Debug|Any CPU
		{CD767E00-B657-48B9-B60F-BB852F06AB11}.Debug|Any CPU.Build.0 = Debug|Any CPU
		{CD767E00-B657-48B9-B60F-BB852F06AB11}.Release|Any CPU.ActiveCfg = Release|Any CPU
		{CD767E00-B657-48B9-B60F-BB852F06AB11}.Release|Any CPU.Build.0 = Release|Any CPU
		{1F5396B4-7C8D-4E96-BA04-CFD446C2F9D8}.Debug|Any CPU.ActiveCfg = Debug|Any CPU
		{1F5396B4-7C8D-4E96-BA04-CFD446C2F9D8}.Debug|Any CPU.Build.0 = Debug|Any CPU
		{1F5396B4-7C8D-4E96-BA04-CFD446C2F9D8}.Release|Any CPU.ActiveCfg = Release|Any CPU
		{1F5396B4-7C8D-4E96-BA04-CFD446C2F9D8}.Release|Any CPU.Build.0 = Release|Any CPU
		{097BBE3E-0ED1-4D92-B1CA-37ED1AEB447A}.Debug|Any CPU.ActiveCfg = Debug|Any CPU
		{097BBE3E-0ED1-4D92-B1CA-37ED1AEB447A}.Debug|Any CPU.Build.0 = Debug|Any CPU
		{097BBE3E-0ED1-4D92-B1CA-37ED1AEB447A}.Release|Any CPU.ActiveCfg = Release|Any CPU
		{097BBE3E-0ED1-4D92-B1CA-37ED1AEB447A}.Release|Any CPU.Build.0 = Release|Any CPU
		{4752DE6D-AB52-4011-B444-24F30B236D5F}.Debug|Any CPU.ActiveCfg = Debug|Any CPU
		{4752DE6D-AB52-4011-B444-24F30B236D5F}.Debug|Any CPU.Build.0 = Debug|Any CPU
		{4752DE6D-AB52-4011-B444-24F30B236D5F}.Release|Any CPU.ActiveCfg = Release|Any CPU
		{4752DE6D-AB52-4011-B444-24F30B236D5F}.Release|Any CPU.Build.0 = Release|Any CPU
	EndGlobalSection
	GlobalSection(SolutionProperties) = preSolution
		HideSolutionNode = FALSE
	EndGlobalSection
	GlobalSection(ExtensibilityGlobals) = postSolution
		SolutionGuid = {29B63269-CC8B-4058-BC60-39AA00A52FDC}
	EndGlobalSection
EndGlobal
